github.com/mattstratton/castanet v1.22.13 h1:XzYQO5+0uAiajzYeGoP8BTq8k/XqbLzK0NWDjyw4QsI=
github.com/mattstratton/castanet v1.22.13/go.mod h1:sP8237IoHZIxiI4P3hdCulB5pixGCV0PPaHUsV6SUG8=
github.com/mattstratton/castanet v1.22.15 h1:X32bKQmQwWjxJQq7aRamviUwCxeByJUtkbPLQkK5u58=
github.com/mattstratton/castanet v1.22.15/go.mod h1:sP8237IoHZIxiI4P3hdCulB5pixGCV0PPaHUsV6SUG8=
