Name: pcheslock
"FullName": "Pete Cheslock"
"Bio": "Pete is currently the head of Operations and Support for Threat Stack, a continuous security monitoring company. Pete is a 15 year veteran of the technology industry and sees Threat Stack solving a critical problem around continuous security monitoring with dynamic, cloud based infrastructure. Previously, he built out the automation and release engineering teams at Dyn, managing and deploying mission critical global DNS infrastructure. Prior to Dyn, Pete was the Director of Technical Operations for Amazon-Backed cloud archiving company Sonian, where he developed and managed a Petabyte scale archiving application across multiple public clouds."
"Twitter": "petecheslock"
"Site": "http://pete.io/"
"LinkedIn": "http://linkedin.com/in/petecheslock"
